
Microsoft Visual Studio Solution File, Format Version 12.00
# Visual Studio 15
VisualStudioVersion = 15.0.27130.0
MinimumVisualStudioVersion = 10.0.40219.1
Project("{FAE04EC0-301F-11D3-BF4B-00C04F79EFBC}") = "TestAPI", "TestAPI\TestAPI.csproj", "{BD71507A-8A37-4EB6-8B42-80ACE3CC237F}"
EndProject
Global
	GlobalSection(SolutionConfigurationPlatforms) = preSolution
		Debug|Any CPU = Debug|Any CPU
		Release|Any CPU = Release|Any CPU
	EndGlobalSection
	GlobalSection(ProjectConfigurationPlatforms) = postSolution
		{BD71507A-8A37-4EB6-8B42-80ACE3CC237F}.Debug|Any CPU.ActiveCfg = Debug|Any CPU
		{BD71507A-8A37-4EB6-8B42-80ACE3CC237F}.Debug|Any CPU.Build.0 = Debug|Any CPU
		{BD71507A-8A37-4EB6-8B42-80ACE3CC237F}.Release|Any CPU.ActiveCfg = Release|Any CPU
		{BD71507A-8A37-4EB6-8B42-80ACE3CC237F}.Release|Any CPU.Build.0 = Release|Any CPU
	EndGlobalSection
	GlobalSection(SolutionProperties) = preSolution
		HideSolutionNode = FALSE
	EndGlobalSection
	GlobalSection(ExtensibilityGlobals) = postSolution
		SolutionGuid = {8F742862-83E3-4525-825F-1603A819C4E2}
	EndGlobalSection
EndGlobal
