
Microsoft Visual Studio Solution File, Format Version 12.00
# Visual Studio 15
VisualStudioVersion = 15.0.27130.0
MinimumVisualStudioVersion = 10.0.40219.1
Project("{FAE04EC0-301F-11D3-BF4B-00C04F79EFBC}") = "TestWebApp", "TestWebApp\TestWebApp.csproj", "{3BC4D0D4-CF8A-4136-8553-8466BA52A5AD}"
EndProject
Global
	GlobalSection(SolutionConfigurationPlatforms) = preSolution
		Debug|Any CPU = Debug|Any CPU
		Release|Any CPU = Release|Any CPU
	EndGlobalSection
	GlobalSection(ProjectConfigurationPlatforms) = postSolution
		{3BC4D0D4-CF8A-4136-8553-8466BA52A5AD}.Debug|Any CPU.ActiveCfg = Debug|Any CPU
		{3BC4D0D4-CF8A-4136-8553-8466BA52A5AD}.Debug|Any CPU.Build.0 = Debug|Any CPU
		{3BC4D0D4-CF8A-4136-8553-8466BA52A5AD}.Release|Any CPU.ActiveCfg = Release|Any CPU
		{3BC4D0D4-CF8A-4136-8553-8466BA52A5AD}.Release|Any CPU.Build.0 = Release|Any CPU
	EndGlobalSection
	GlobalSection(SolutionProperties) = preSolution
		HideSolutionNode = FALSE
	EndGlobalSection
	GlobalSection(ExtensibilityGlobals) = postSolution
		SolutionGuid = {A7D6A553-DF32-40BD-B7A9-633BE8EC29F2}
	EndGlobalSection
EndGlobal
